
Microsoft Visual Studio Solution File, Format Version 12.00
# Visual Studio 15
VisualStudioVersion = 15.0.28307.902
MinimumVisualStudioVersion = 10.0.40219.1
Project("{FAE04EC0-301F-11D3-BF4B-00C04F79EFBC}") = "Proyecto3_Diplomado_Web_MVC_UASD", "Proyecto3_Diplomado_Web_MVC_UASD\Proyecto3_Diplomado_Web_MVC_UASD.csproj", "{65ED31D5-5B5F-46AB-B69F-8BBC4C6567F0}"
EndProject
Global
	GlobalSection(SolutionConfigurationPlatforms) = preSolution
		Debug|Any CPU = Debug|Any CPU
		Release|Any CPU = Release|Any CPU
	EndGlobalSection
	GlobalSection(ProjectConfigurationPlatforms) = postSolution
		{65ED31D5-5B5F-46AB-B69F-8BBC4C6567F0}.Debug|Any CPU.ActiveCfg = Debug|Any CPU
		{65ED31D5-5B5F-46AB-B69F-8BBC4C6567F0}.Debug|Any CPU.Build.0 = Debug|Any CPU
		{65ED31D5-5B5F-46AB-B69F-8BBC4C6567F0}.Release|Any CPU.ActiveCfg = Release|Any CPU
		{65ED31D5-5B5F-46AB-B69F-8BBC4C6567F0}.Release|Any CPU.Build.0 = Release|Any CPU
	EndGlobalSection
	GlobalSection(SolutionProperties) = preSolution
		HideSolutionNode = FALSE
	EndGlobalSection
	GlobalSection(ExtensibilityGlobals) = postSolution
		SolutionGuid = {7FF5D9A5-3451-4C46-8B21-90F069DF296C}
	EndGlobalSection
EndGlobal
